{
  "version": 4,
  "terraform_version": "1.7.0",
  "serial": 157,
  "lineage": "b181b497-b250-e9a6-e384-4e7ee341a7c7",
  "outputs": {},
  "resources": [
    {
      "module": "module.ec2",
      "mode": "managed",
      "type": "aws_instance",
      "name": "aws_ec2_public_instance",
      "provider": "provider[\"registry.terraform.io/hashicorp/aws\"]",
      "instances": [
        {
          "index_key": 0,
          "schema_version": 1,
          "attributes": {
            "ami": "ami-0c7217cdde317cfec",
            "arn": "arn:aws:ec2:us-east-1:905418041560:instance/i-0841840f7f5157475",
            "associate_public_ip_address": true,
            "availability_zone": "us-east-1b",
            "capacity_reservation_specification": [
              {
                "capacity_reservation_preference": "open",
                "capacity_reservation_target": []
              }
            ],
            "cpu_core_count": 1,
            "cpu_options": [
              {
                "amd_sev_snp": "",
                "core_count": 1,
                "threads_per_core": 1
              }
            ],
            "cpu_threads_per_core": 1,
            "credit_specification": [
              {
                "cpu_credits": "standard"
              }
            ],
            "disable_api_stop": false,
            "disable_api_termination": false,
            "ebs_block_device": [],
            "ebs_optimized": false,
            "enclave_options": [
              {
                "enabled": false
              }
            ],
            "ephemeral_block_device": [],
            "get_password_data": false,
            "hibernation": false,
            "host_id": "",
            "host_resource_group_arn": null,
            "iam_instance_profile": "",
            "id": "i-0841840f7f5157475",
            "instance_initiated_shutdown_behavior": "stop",
            "instance_lifecycle": "",
            "instance_market_options": [],
            "instance_state": "running",
            "instance_type": "t2.small",
            "ipv6_address_count": 0,
            "ipv6_addresses": [],
            "key_name": "tfkey",
            "launch_template": [],
            "maintenance_options": [
              {
                "auto_recovery": "default"
              }
            ],
            "metadata_options": [
              {
                "http_endpoint": "enabled",
                "http_protocol_ipv6": "disabled",
                "http_put_response_hop_limit": 1,
                "http_tokens": "optional",
                "instance_metadata_tags": "disabled"
              }
            ],
            "monitoring": false,
            "network_interface": [],
            "outpost_arn": "",
            "password_data": "",
            "placement_group": "",
            "placement_partition_number": 0,
            "primary_network_interface_id": "eni-0392b4b1ca2743fe1",
            "private_dns": "ip-10-0-26-227.ec2.internal",
            "private_dns_name_options": [
              {
                "enable_resource_name_dns_a_record": false,
                "enable_resource_name_dns_aaaa_record": false,
                "hostname_type": "ip-name"
              }
            ],
            "private_ip": "10.0.26.227",
            "public_dns": "ec2-54-166-253-28.compute-1.amazonaws.com",
            "public_ip": "54.166.253.28",
            "root_block_device": [
              {
                "delete_on_termination": true,
                "device_name": "/dev/sda1",
                "encrypted": false,
                "iops": 100,
                "kms_key_id": "",
                "tags": {},
                "throughput": 0,
                "volume_id": "vol-0797c58bb3fe0884a",
                "volume_size": 8,
                "volume_type": "gp2"
              }
            ],
            "secondary_private_ips": [],
            "security_groups": [
              "sg-0f79bfdea4a5ced9e"
            ],
            "source_dest_check": true,
            "spot_instance_request_id": "",
            "subnet_id": "subnet-0c5ba2ebf0d44b6f7",
            "tags": {
              "Name": "devops-fullstack-app"
            },
            "tags_all": {
              "Name": "devops-fullstack-app"
            },
            "tenancy": "default",
            "timeouts": null,
            "user_data": "d345718a250bd9be2d40748c29e4a13668d557a2",
            "user_data_base64": null,
            "user_data_replace_on_change": false,
            "volume_tags": null,
            "vpc_security_group_ids": [
              "sg-0f79bfdea4a5ced9e"
            ]
          },
          "sensitive_attributes": [],
          "private": "eyJlMmJmYjczMC1lY2FhLTExZTYtOGY4OC0zNDM2M2JjN2M0YzAiOnsiY3JlYXRlIjo2MDAwMDAwMDAwMDAsImRlbGV0ZSI6MTIwMDAwMDAwMDAwMCwidXBkYXRlIjo2MDAwMDAwMDAwMDB9LCJzY2hlbWFfdmVyc2lvbiI6IjEifQ==",
          "dependencies": [
            "module.ec2.aws_key_pair.deployer",
            "module.ec2.aws_security_group.ec2_security_group",
            "module.ec2.tls_private_key.rsa",
            "module.vpc.aws_vpc.vpc"
          ]
        }
      ]
    },
    {
      "module": "module.ec2",
      "mode": "managed",
      "type": "aws_key_pair",
      "name": "deployer",
      "provider": "provider[\"registry.terraform.io/hashicorp/aws\"]",
      "instances": [
        {
          "schema_version": 1,
          "attributes": {
            "arn": "arn:aws:ec2:us-east-1:905418041560:key-pair/tfkey",
            "fingerprint": "8a:15:d8:c2:85:20:c8:95:b2:4d:97:f2:c9:fd:6e:38",
            "id": "tfkey",
            "key_name": "tfkey",
            "key_name_prefix": "",
            "key_pair_id": "key-0714cbffb0d2e95e4",
            "key_type": "rsa",
            "public_key": "ssh-rsa AAAAB3NzaC1yc2EAAAADAQABAAACAQC9n7Nop/CDKu1B2Zwq7ZbCkS+MtffUsmbuaWLjrgQvusbSI84UDgbzwXNvdhl+EuygpdtVp4nOU+85D2Ep3/gvoEYrA4AZvaN/ey4GJvuKWiZmvK+WbuUlPWgRdY7Q6nI2Oo9uoXXAlAiEtPzl77v0mfmh4bIz2qo7tcq4IkBIm91tHTzM1yunNUhoxYWqaWzJov5nNamS7rFJFYkXAuSdd9RarXoJ0f6RLcJamTgzphtkMRt8rT+AsLJzn3RFRWQP6HF7dhCCrVlszWOn04xF175mHXFPJPtcj+zy6yx3fUQRDnf/cojF0qX906NRE1j2gEkyUQ2bpR3k9jzFBKnmgSEkLqzzF4dI+T+tSsHY30nc5fMl41c2GzEaHF6Tn4yoqVW6Nc9Ae0Kisc4wR3ebqk3FAHa3kewrArDpvExajtarPobKahBr5kYWvymanMTqufHlGGnu48bA8YVRkIlaajkJI3YDs0kuKce3WqZeDeP5LfL2PzjPR+2NucpjOu9w57Y6kMMZs+0ibC5wOrdt0A5LuE6VS/7WYOmT/qMruU2SVltk57o8YDG8rS9mq+MKjwCDAXz63OxSbK1amykY5tgeN14Ja1bG9yPL0n+6oIQQmlAcAfVZawezjYz/kHeiTTjA+ZAdAJaoSjafVcfACsRhN/kqGxucDTU7uM0krQ==",
            "tags": {},
            "tags_all": {}
          },
          "sensitive_attributes": [],
          "private": "eyJzY2hlbWFfdmVyc2lvbiI6IjEifQ==",
          "dependencies": [
            "module.ec2.tls_private_key.rsa"
          ]
        }
      ]
    },
    {
      "module": "module.ec2",
      "mode": "managed",
      "type": "aws_security_group",
      "name": "ec2_security_group",
      "provider": "provider[\"registry.terraform.io/hashicorp/aws\"]",
      "instances": [
        {
          "schema_version": 1,
          "attributes": {
            "arn": "arn:aws:ec2:us-east-1:905418041560:security-group/sg-0f79bfdea4a5ced9e",
            "description": "Managed by Terraform",
            "egress": [
              {
                "cidr_blocks": [
                  "0.0.0.0/0"
                ],
                "description": "",
                "from_port": 0,
                "ipv6_cidr_blocks": [],
                "prefix_list_ids": [],
                "protocol": "-1",
                "security_groups": [],
                "self": false,
                "to_port": 0
              }
            ],
            "id": "sg-0f79bfdea4a5ced9e",
            "ingress": [
              {
                "cidr_blocks": [
                  "0.0.0.0/0"
                ],
                "description": "",
                "from_port": 22,
                "ipv6_cidr_blocks": [],
                "prefix_list_ids": [],
                "protocol": "tcp",
                "security_groups": [],
                "self": false,
                "to_port": 22
              },
              {
                "cidr_blocks": [
                  "0.0.0.0/0"
                ],
                "description": "",
                "from_port": 3000,
                "ipv6_cidr_blocks": [],
                "prefix_list_ids": [],
                "protocol": "tcp",
                "security_groups": [],
                "self": false,
                "to_port": 3000
              },
              {
                "cidr_blocks": [
                  "0.0.0.0/0"
                ],
                "description": "",
                "from_port": 5432,
                "ipv6_cidr_blocks": [],
                "prefix_list_ids": [],
                "protocol": "tcp",
                "security_groups": [],
                "self": false,
                "to_port": 5432
              },
              {
                "cidr_blocks": [
                  "0.0.0.0/0"
                ],
                "description": "",
                "from_port": 8080,
                "ipv6_cidr_blocks": [],
                "prefix_list_ids": [],
                "protocol": "tcp",
                "security_groups": [],
                "self": false,
                "to_port": 8080
              },
              {
                "cidr_blocks": [
                  "0.0.0.0/0"
                ],
                "description": "",
                "from_port": 80,
                "ipv6_cidr_blocks": [],
                "prefix_list_ids": [],
                "protocol": "tcp",
                "security_groups": [],
                "self": false,
                "to_port": 80
              }
            ],
            "name": "ec2_sg",
            "name_prefix": "",
            "owner_id": "905418041560",
            "revoke_rules_on_delete": false,
            "tags": {
              "Name": "ec2-instance-sg"
            },
            "tags_all": {
              "Name": "ec2-instance-sg"
            },
            "timeouts": null,
            "vpc_id": "vpc-0c846ad7f5ab91967"
          },
          "sensitive_attributes": [],
          "private": "eyJlMmJmYjczMC1lY2FhLTExZTYtOGY4OC0zNDM2M2JjN2M0YzAiOnsiY3JlYXRlIjo2MDAwMDAwMDAwMDAsImRlbGV0ZSI6OTAwMDAwMDAwMDAwfSwic2NoZW1hX3ZlcnNpb24iOiIxIn0=",
          "dependencies": [
            "module.vpc.aws_vpc.vpc"
          ]
        }
      ]
    },
    {
      "module": "module.ec2",
      "mode": "managed",
      "type": "aws_security_group_rule",
      "name": "ec2_egress_rules",
      "provider": "provider[\"registry.terraform.io/hashicorp/aws\"]",
      "instances": [
        {
          "index_key": 0,
          "schema_version": 2,
          "attributes": {
            "cidr_blocks": [
              "0.0.0.0/0"
            ],
            "description": "",
            "from_port": 0,
            "id": "sgrule-3769176930",
            "ipv6_cidr_blocks": null,
            "prefix_list_ids": null,
            "protocol": "-1",
            "security_group_id": "sg-0f79bfdea4a5ced9e",
            "security_group_rule_id": "sgr-0dbf48ec3f9993a1c",
            "self": false,
            "source_security_group_id": null,
            "timeouts": null,
            "to_port": 0,
            "type": "egress"
          },
          "sensitive_attributes": [],
          "private": "eyJlMmJmYjczMC1lY2FhLTExZTYtOGY4OC0zNDM2M2JjN2M0YzAiOnsiY3JlYXRlIjozMDAwMDAwMDAwMDB9LCJzY2hlbWFfdmVyc2lvbiI6IjIifQ==",
          "dependencies": [
            "module.ec2.aws_security_group.ec2_security_group",
            "module.vpc.aws_vpc.vpc"
          ]
        }
      ]
    },
    {
      "module": "module.ec2",
      "mode": "managed",
      "type": "aws_security_group_rule",
      "name": "ec2_ingress_rules",
      "provider": "provider[\"registry.terraform.io/hashicorp/aws\"]",
      "instances": [
        {
          "index_key": 0,
          "schema_version": 2,
          "attributes": {
            "cidr_blocks": [
              "0.0.0.0/0"
            ],
            "description": "",
            "from_port": 80,
            "id": "sgrule-704438871",
            "ipv6_cidr_blocks": null,
            "prefix_list_ids": null,
            "protocol": "tcp",
            "security_group_id": "sg-0f79bfdea4a5ced9e",
            "security_group_rule_id": "sgr-0bd37e11ecfe7ebea",
            "self": false,
            "source_security_group_id": null,
            "timeouts": null,
            "to_port": 80,
            "type": "ingress"
          },
          "sensitive_attributes": [],
          "private": "eyJlMmJmYjczMC1lY2FhLTExZTYtOGY4OC0zNDM2M2JjN2M0YzAiOnsiY3JlYXRlIjozMDAwMDAwMDAwMDB9LCJzY2hlbWFfdmVyc2lvbiI6IjIifQ==",
          "dependencies": [
            "module.ec2.aws_security_group.ec2_security_group",
            "module.vpc.aws_vpc.vpc"
          ]
        },
        {
          "index_key": 1,
          "schema_version": 2,
          "attributes": {
            "cidr_blocks": [
              "0.0.0.0/0"
            ],
            "description": "",
            "from_port": 22,
            "id": "sgrule-2675359714",
            "ipv6_cidr_blocks": null,
            "prefix_list_ids": null,
            "protocol": "tcp",
            "security_group_id": "sg-0f79bfdea4a5ced9e",
            "security_group_rule_id": "sgr-04c6c8f47cd22bfae",
            "self": false,
            "source_security_group_id": null,
            "timeouts": null,
            "to_port": 22,
            "type": "ingress"
          },
          "sensitive_attributes": [],
          "private": "eyJlMmJmYjczMC1lY2FhLTExZTYtOGY4OC0zNDM2M2JjN2M0YzAiOnsiY3JlYXRlIjozMDAwMDAwMDAwMDB9LCJzY2hlbWFfdmVyc2lvbiI6IjIifQ==",
          "dependencies": [
            "module.ec2.aws_security_group.ec2_security_group",
            "module.vpc.aws_vpc.vpc"
          ]
        },
        {
          "index_key": 2,
          "schema_version": 2,
          "attributes": {
            "cidr_blocks": [
              "0.0.0.0/0"
            ],
            "description": "",
            "from_port": 5432,
            "id": "sgrule-373273062",
            "ipv6_cidr_blocks": null,
            "prefix_list_ids": null,
            "protocol": "tcp",
            "security_group_id": "sg-0f79bfdea4a5ced9e",
            "security_group_rule_id": "sgr-0dfe496c85b9bcae9",
            "self": false,
            "source_security_group_id": null,
            "timeouts": null,
            "to_port": 5432,
            "type": "ingress"
          },
          "sensitive_attributes": [],
          "private": "eyJlMmJmYjczMC1lY2FhLTExZTYtOGY4OC0zNDM2M2JjN2M0YzAiOnsiY3JlYXRlIjozMDAwMDAwMDAwMDB9LCJzY2hlbWFfdmVyc2lvbiI6IjIifQ==",
          "dependencies": [
            "module.ec2.aws_security_group.ec2_security_group",
            "module.vpc.aws_vpc.vpc"
          ]
        },
        {
          "index_key": 3,
          "schema_version": 2,
          "attributes": {
            "cidr_blocks": [
              "0.0.0.0/0"
            ],
            "description": "",
            "from_port": 8080,
            "id": "sgrule-3543820700",
            "ipv6_cidr_blocks": null,
            "prefix_list_ids": null,
            "protocol": "tcp",
            "security_group_id": "sg-0f79bfdea4a5ced9e",
            "security_group_rule_id": "sgr-0b2553dbba5482faf",
            "self": false,
            "source_security_group_id": null,
            "timeouts": null,
            "to_port": 8080,
            "type": "ingress"
          },
          "sensitive_attributes": [],
          "private": "eyJlMmJmYjczMC1lY2FhLTExZTYtOGY4OC0zNDM2M2JjN2M0YzAiOnsiY3JlYXRlIjozMDAwMDAwMDAwMDB9LCJzY2hlbWFfdmVyc2lvbiI6IjIifQ==",
          "dependencies": [
            "module.ec2.aws_security_group.ec2_security_group",
            "module.vpc.aws_vpc.vpc"
          ]
        },
        {
          "index_key": 4,
          "schema_version": 2,
          "attributes": {
            "cidr_blocks": [
              "0.0.0.0/0"
            ],
            "description": "",
            "from_port": 3000,
            "id": "sgrule-2623153032",
            "ipv6_cidr_blocks": null,
            "prefix_list_ids": null,
            "protocol": "tcp",
            "security_group_id": "sg-0f79bfdea4a5ced9e",
            "security_group_rule_id": "sgr-027a625c8191d8bac",
            "self": false,
            "source_security_group_id": null,
            "timeouts": null,
            "to_port": 3000,
            "type": "ingress"
          },
          "sensitive_attributes": [],
          "private": "eyJlMmJmYjczMC1lY2FhLTExZTYtOGY4OC0zNDM2M2JjN2M0YzAiOnsiY3JlYXRlIjozMDAwMDAwMDAwMDB9LCJzY2hlbWFfdmVyc2lvbiI6IjIifQ==",
          "dependencies": [
            "module.ec2.aws_security_group.ec2_security_group",
            "module.vpc.aws_vpc.vpc"
          ]
        }
      ]
    },
    {
      "module": "module.ec2",
      "mode": "managed",
      "type": "local_file",
      "name": "TF-key",
      "provider": "provider[\"registry.terraform.io/hashicorp/local\"]",
      "instances": [
        {
          "schema_version": 0,
          "attributes": {
            "content": "-----BEGIN RSA PRIVATE KEY-----\nMIIJKAIBAAKCAgEAvZ+zaKfwgyrtQdmcKu2WwpEvjLX31LJm7mli464EL7rG0iPO\nFA4G88Fzb3YZfhLsoKXbVaeJzlPvOQ9hKd/4L6BGKwOAGb2jf3suBib7ilomZryv\nlm7lJT1oEXWO0OpyNjqPbqF1wJQIhLT85e+79Jn5oeGyM9qqO7XKuCJASJvdbR08\nzNcrpzVIaMWFqmlsyaL+ZzWpku6xSRWJFwLknXfUWq16CdH+kS3CWpk4M6YbZDEb\nfK0/gLCyc590RUVkD+hxe3YQgq1ZbM1jp9OMRde+Zh1xTyT7XI/s8ussd31EEQ53\n/3KIxdKl/dOjURNY9oBJMlENm6Ud5PY8xQSp5oEhJC6s8xeHSPk/rUrB2N9J3OXz\nJeNXNhsxGhxek5+MqKlVujXPQHtCorHOMEd3m6pNxQB2t5HsKwKw6bxMWo7Wqz6G\nymoQa+ZGFr8pmpzE6rnx5Rhp7uPGwPGFUZCJWmo5CSN2A7NJLinHt1qmXg3j+S3y\n9j84z0ftjbnKYzrvcOe2OpDDGbPtImwucDq3bdAOS7hOlUv+1mDpk/6jK7lNklZb\nZOe6PGAxvK0vZqvjCo8AgwF8+tzsUmytWpspGObYHjdeCWtWxvcjy9J/uqCEEJpQ\nHAH1WWsHs42M/5B3ok04wPmQHQCWqEo2n1XHwArEYTf5KhsbnA01O7jNJK0CAwEA\nAQKCAgBDUIse7uc5mSaKhtaigp9PSL0JhZuJ/R7/KZg6XQ8NZo+oD5/bjLM5GwaA\nnfskv1ETIm2/dW89OJyms+f5NpHjTlE6ec6i1KhS3AaVlocbMS+KrxbiH1HnK2pj\nMElXrrKGv7klO9oSWDrB6YIRmk4t4e81YWqib9CYy8tAHKCXZgVv874etY/AlvCy\niNQPj8dXuS34s5sUFvoGiMeWzKcdo2lWG1lEXTCylvz0rom+BAybP7eTRelSJOfk\nlclvwddoskp+2oW37hPdxPfInxefv5vOoksUHnvA+zLRdVzeujBMocdFfoJBP6s/\ndT73zBd7wkS5wP5Er5PyMNuX0TUCi1I1ABMfXrVmlKb5nOdmD+3K27PTX0k/H0eF\nirX6nqsRAw1ODLIxYBmtoXsZBA6JyqPDeRqiO4gJXsZvY5rzuw0HDMqVkkgTzZ3l\nUZXPHzGiP+8v0zD6Mai/w2iq6QRntN/5VzkA5oC1cj5Pvr5kjqJMfJWlFdlTisNN\nVqvklxtnPPlma9XErU3033SpNpkvXIErcquNuXQOyYSuS03cHnEDGTGdEkNPSiNl\n3WFs5QqlUSGtdQwhSIj+hLbj4YJJRFWucFM1E1zWvK+BJ46RL5U7wVy2QQv0i2fy\nf3mKl0mPuSHlVYJ17xOBjqaGyxjMSXUOeF/ehbExCC3fUNZvvQKCAQEA6IvbywFZ\nGgKXIfIfJz991qij5EVbuOd2BHINF9R5VFihWv5q7R9L8GaFs//VDdYb5mgrP5pm\n+OWF/woWBa2kMd4xhq7fkDC6kEHf97amuTC9VCZwv1A8AI9Zc+sA/TK36bke/5VC\nnl/PZJ2jCVy6Oce4OAAUr29wUDMTNj5oFw67SVaYuzlUp9Il1Y7wLUwiyRwNpRhD\nff4/hX0oGyshMtaKv6uqIcq4Txckw/dqwyzzONFxQah1vOjL73VJAz1pms6v8P3U\nVC4Z0PcznKoqvsnEthzx4FPW1+CCOzwsobbHlYG0jUGJVq3dfTL6SdfiD9azlt7x\nZzQ7FdxlnHPUdwKCAQEA0L+fDQ8oXlHrr8hgBhMFYK6/nqvlcU3jOo5clSTMp+bG\ngRNOVm2f2uZZf69ompbFrjPbesnFHRa+d8DcHqUOydq7QgU0Vb7sQ5EPu5uSBb9z\nJ5B0nnVmJB3ZYHA45i5z1RaYpRnfcjoVIl40LCjpalV13ho2N+VZVTTIdsqAOrXe\nUSdmLkUAk4U5mV467LNsJsvGM/hU5Yqgog5rVqoaY6MPcWXyeZwt2/h+OEx7FYjD\nXsccgMAxUFxbdQF76tejeOY4uFVi6hbAFKSJQXI2f1blj9c45qNUhULVu8Y4oVoa\nJWSEGCc73uMYqTUZ66rybuRkVxlgFvNreHnXhbvM+wKCAQBq5Y+dm/sHd9VdZ11m\nv0rrWA4uqqtlLhEULhFSuPslCLDzkSw54D8aPSaM/bdEav3cRlpLHIDlPS0BdfN1\nnMJzof4GOXDPaXb5RS7dQfsV+g+uFRWS/CD46Oxn2slTmvLr34seVdCP2N8PE1+U\nuClq0iIeq/rWQlXQqAnWz40tvDnflo0S02HU20dFCjXhvLPo2ppzH9o2mp88j7HV\n+1eBdRnGzfShH/zlbnAaHSvYmFsd7Tkww22L7z9/zdxIPvzCiuxZzXTDVYXMhzYU\neCy6Eyn3xQpy4ldKWQvEiv7BP7IzSbJjlJK7Y6UDHmHre++Q9FMNsWIq3NmkTPHw\nn1Y1AoIBAA2nq0DQcASTeUZbZiSfk+d6JuC7P9wEi0umSlobOSP2jZ+d4q72ptFL\n5ijbEY2jNTUrAT1r+2/mr/jnbb63b1s26q7r5juBrLTSxWOxToD/wAmjgm1nIpJU\nPYb4cFBmU39p5fxOz/YJ5J4F6YXF+1bQVlB8CHXpk8lmFYLnxjGQ+gT2/dEjBGGi\nAl2M82/OYNG83K9DnFITmmRfaxgVMnq4DOePEqhv1fQgsij+n8KN2rHVdoDZkaA/\nGmByA2geSPw8mxM7yqeja1cuWCgmz3fO+F9LZdZ4cqvw7khFNCkh2rn9dEKcNmdj\nFZbj+VkYKpmkaQfligqWS75qwfVmjocCggEBAKoO4KHSTdM4JPgxO7ur+5O7VzoZ\nKZ2Ic7rx1v9Z21LJ8betIi4Y6ntkl/LAn7AkWo6xKtfEjMPmaXgLhSsoArE7W2Du\nhxwlUiypmbbJ9BQBDyu7baqV+4J86KPX7LduhCDZYjPNhDhqkFlPjLUEwBmwEY+T\nWhxnFp7ftZC4eRe5TmDaQEjb5VqknSuqeJBduzfn7iMHeFu/UNkwB+H4jjE9dJHx\nFe/VUDJ6NIuXxQYHHy4wO2SqOQcq4qOtpy45ixXYoMA27UFdo4kEsYwpQkgFvvY+\nwiDI/oAIKhnXhove7nWvE/Vz5UTpcvbBJjwRXDi+uYimR8hwarCudhgAheY=\n-----END RSA PRIVATE KEY-----\n",
            "content_base64": null,
            "content_base64sha256": "alqiookpllskJwLaWdskBKEBpvA53X9R88b+KU7SYmo=",
            "content_base64sha512": "snq58p7v452MVQGl90+XphJW/Qlvvf35euuV1Uon7lmYcM56xLqF6qTh6fXjPJBHbMwADwDCr9p9j2OBdqR6wA==",
            "content_md5": "46797967adc950da1ef29e9464da3a04",
            "content_sha1": "1e629935ed3916eaa5126e59abd170c968a0b7ff",
            "content_sha256": "6a5aa2a28929965b242702da59db2404a101a6f039dd7f51f3c6fe294ed2626a",
            "content_sha512": "b27ab9f29eefe39d8c5501a5f74f97a61256fd096fbdfdf97aeb95d54a27ee599870ce7ac4ba85eaa4e1e9f5e33c90476ccc000f00c2afda7d8f638176a47ac0",
            "directory_permission": "0777",
            "file_permission": "0777",
            "filename": "tfkey",
            "id": "1e629935ed3916eaa5126e59abd170c968a0b7ff",
            "sensitive_content": null,
            "source": null
          },
          "sensitive_attributes": [
            [
              {
                "type": "get_attr",
                "value": "content"
              }
            ]
          ],
          "dependencies": [
            "module.ec2.tls_private_key.rsa"
          ]
        }
      ]
    },
    {
      "module": "module.ec2",
      "mode": "managed",
      "type": "tls_private_key",
      "name": "rsa",
      "provider": "provider[\"registry.terraform.io/hashicorp/tls\"]",
      "instances": [
        {
          "schema_version": 1,
          "attributes": {
            "algorithm": "RSA",
            "ecdsa_curve": "P224",
            "id": "df0f374ee77c7b2230dcba8712814c7d45934c13",
            "private_key_openssh": "-----BEGIN OPENSSH PRIVATE KEY-----\nb3BlbnNzaC1rZXktdjEAAAAABG5vbmUAAAAEbm9uZQAAAAAAAAABAAACFwAAAAdz\nc2gtcnNhAAAAAwEAAQAAAgEAvZ+zaKfwgyrtQdmcKu2WwpEvjLX31LJm7mli464E\nL7rG0iPOFA4G88Fzb3YZfhLsoKXbVaeJzlPvOQ9hKd/4L6BGKwOAGb2jf3suBib7\nilomZryvlm7lJT1oEXWO0OpyNjqPbqF1wJQIhLT85e+79Jn5oeGyM9qqO7XKuCJA\nSJvdbR08zNcrpzVIaMWFqmlsyaL+ZzWpku6xSRWJFwLknXfUWq16CdH+kS3CWpk4\nM6YbZDEbfK0/gLCyc590RUVkD+hxe3YQgq1ZbM1jp9OMRde+Zh1xTyT7XI/s8uss\nd31EEQ53/3KIxdKl/dOjURNY9oBJMlENm6Ud5PY8xQSp5oEhJC6s8xeHSPk/rUrB\n2N9J3OXzJeNXNhsxGhxek5+MqKlVujXPQHtCorHOMEd3m6pNxQB2t5HsKwKw6bxM\nWo7Wqz6GymoQa+ZGFr8pmpzE6rnx5Rhp7uPGwPGFUZCJWmo5CSN2A7NJLinHt1qm\nXg3j+S3y9j84z0ftjbnKYzrvcOe2OpDDGbPtImwucDq3bdAOS7hOlUv+1mDpk/6j\nK7lNklZbZOe6PGAxvK0vZqvjCo8AgwF8+tzsUmytWpspGObYHjdeCWtWxvcjy9J/\nuqCEEJpQHAH1WWsHs42M/5B3ok04wPmQHQCWqEo2n1XHwArEYTf5KhsbnA01O7jN\nJK0AAAc4DLaw1Ay2sNQAAAAHc3NoLXJzYQAAAgEAvZ+zaKfwgyrtQdmcKu2WwpEv\njLX31LJm7mli464EL7rG0iPOFA4G88Fzb3YZfhLsoKXbVaeJzlPvOQ9hKd/4L6BG\nKwOAGb2jf3suBib7ilomZryvlm7lJT1oEXWO0OpyNjqPbqF1wJQIhLT85e+79Jn5\noeGyM9qqO7XKuCJASJvdbR08zNcrpzVIaMWFqmlsyaL+ZzWpku6xSRWJFwLknXfU\nWq16CdH+kS3CWpk4M6YbZDEbfK0/gLCyc590RUVkD+hxe3YQgq1ZbM1jp9OMRde+\nZh1xTyT7XI/s8ussd31EEQ53/3KIxdKl/dOjURNY9oBJMlENm6Ud5PY8xQSp5oEh\nJC6s8xeHSPk/rUrB2N9J3OXzJeNXNhsxGhxek5+MqKlVujXPQHtCorHOMEd3m6pN\nxQB2t5HsKwKw6bxMWo7Wqz6GymoQa+ZGFr8pmpzE6rnx5Rhp7uPGwPGFUZCJWmo5\nCSN2A7NJLinHt1qmXg3j+S3y9j84z0ftjbnKYzrvcOe2OpDDGbPtImwucDq3bdAO\nS7hOlUv+1mDpk/6jK7lNklZbZOe6PGAxvK0vZqvjCo8AgwF8+tzsUmytWpspGObY\nHjdeCWtWxvcjy9J/uqCEEJpQHAH1WWsHs42M/5B3ok04wPmQHQCWqEo2n1XHwArE\nYTf5KhsbnA01O7jNJK0AAAADAQABAAACAENQix7u5zmZJoqG1qKCn09IvQmFm4n9\nHv8pmDpdDw1mj6gPn9uMszkbBoCd+yS/URMibb91bz04nKaz5/k2keNOUTp5zqLU\nqFLcBpWWhxsxL4qvFuIfUecramMwSVeusoa/uSU72hJYOsHpghGaTi3h7zVhaqJv\n0JjLy0AcoJdmBW/zvh61j8CW8LKI1A+Px1e5LfizmxQW+gaIx5bMpx2jaVYbWURd\nMLKW/PSuib4EDJs/t5NF6VIk5+SVyW/B12iySn7ahbfuE93E98ifF5+/m86iSxQe\ne8D7MtF1XN66MEyhx0V+gkE/qz91PvfMF3vCRLnA/kSvk/Iw25fRNQKLUjUAEx9e\ntWaUpvmc52YP7crbs9NfST8fR4WKtfqeqxEDDU4MsjFgGa2hexkEDonKo8N5GqI7\niAlexm9jmvO7DQcMypWSSBPNneVRlc8fMaI/7y/TMPoxqL/DaKrpBGe03/lXOQDm\ngLVyPk++vmSOokx8laUV2VOKw01Wq+SXG2c8+WZr1cStTfTfdKk2mS9cgStyq425\ndA7JhK5LTdwecQMZMZ0SQ09KI2XdYWzlCqVRIa11DCFIiP6EtuPhgklEVa5wUzUT\nXNa8r4EnjpEvlTvBXLZBC/SLZ/J/eYqXSY+5IeVVgnXvE4GOpobLGMxJdQ54X96F\nsTEILd9Q1m+9AAABAQCqDuCh0k3TOCT4MTu7q/uTu1c6GSmdiHO68db/WdtSyfG3\nrSIuGOp7ZJfywJ+wJFqOsSrXxIzD5ml4C4UrKAKxO1tg7occJVIsqZm2yfQUAQ8r\nu22qlfuCfOij1+y3boQg2WIzzYQ4apBZT4y1BMAZsBGPk1ocZxae37WQuHkXuU5g\n2kBI2+VapJ0rqniQXbs35+4jB3hbv1DZMAfh+I4xPXSR8RXv1VAyejSLl8UGBx8u\nMDtkqjkHKuKjracuOYsV2KDANu1BXaOJBLGMKUJIBb72PsIgyP6ACCoZ14aL3u51\nrxP1c+VE6XL2wSY8EVw4vrmIpkfIcGqwrnYYAIXmAAABAQDoi9vLAVkaApch8h8n\nP33WqKPkRVu453YEcg0X1HlUWKFa/mrtH0vwZoWz/9UN1hvmaCs/mmb45YX/ChYF\nraQx3jGGrt+QMLqQQd/3tqa5ML1UJnC/UDwAj1lz6wD9MrfpuR7/lUKeX89knaMJ\nXLo5x7g4ABSvb3BQMxM2PmgXDrtJVpi7OVSn0iXVjvAtTCLJHA2lGEN9/j+FfSgb\nKyEy1oq/q6ohyrhPFyTD92rDLPM40XFBqHW86MvvdUkDPWmazq/w/dRULhnQ9zOc\nqiq+ycS2HPHgU9bX4II7PCyhtseVgbSNQYlWrd19MvpJ1+IP1rOW3vFnNDsV3GWc\nc9R3AAABAQDQv58NDyheUeuvyGAGEwVgrr+eq+VxTeM6jlyVJMyn5saBE05WbZ/a\n5ll/r2ialsWuM9t6ycUdFr53wNwepQ7J2rtCBTRVvuxDkQ+7m5IFv3MnkHSedWYk\nHdlgcDjmLnPVFpilGd9yOhUiXjQsKOlqVXXeGjY35VlVNMh2yoA6td5RJ2YuRQCT\nhTmZXjrss2wmy8Yz+FTliqCiDmtWqhpjow9xZfJ5nC3b+H44THsViMNexxyAwDFQ\nXFt1AXvq16N45ji4VWLqFsAUpIlBcjZ/VuWP1zjmo1SFQtW7xjihWholZIQYJzve\n4xipNRnrqvJu5GRXGWAW82t4edeFu8z7AAAAAAEC\n-----END OPENSSH PRIVATE KEY-----\n",
            "private_key_pem": "-----BEGIN RSA PRIVATE KEY-----\nMIIJKAIBAAKCAgEAvZ+zaKfwgyrtQdmcKu2WwpEvjLX31LJm7mli464EL7rG0iPO\nFA4G88Fzb3YZfhLsoKXbVaeJzlPvOQ9hKd/4L6BGKwOAGb2jf3suBib7ilomZryv\nlm7lJT1oEXWO0OpyNjqPbqF1wJQIhLT85e+79Jn5oeGyM9qqO7XKuCJASJvdbR08\nzNcrpzVIaMWFqmlsyaL+ZzWpku6xSRWJFwLknXfUWq16CdH+kS3CWpk4M6YbZDEb\nfK0/gLCyc590RUVkD+hxe3YQgq1ZbM1jp9OMRde+Zh1xTyT7XI/s8ussd31EEQ53\n/3KIxdKl/dOjURNY9oBJMlENm6Ud5PY8xQSp5oEhJC6s8xeHSPk/rUrB2N9J3OXz\nJeNXNhsxGhxek5+MqKlVujXPQHtCorHOMEd3m6pNxQB2t5HsKwKw6bxMWo7Wqz6G\nymoQa+ZGFr8pmpzE6rnx5Rhp7uPGwPGFUZCJWmo5CSN2A7NJLinHt1qmXg3j+S3y\n9j84z0ftjbnKYzrvcOe2OpDDGbPtImwucDq3bdAOS7hOlUv+1mDpk/6jK7lNklZb\nZOe6PGAxvK0vZqvjCo8AgwF8+tzsUmytWpspGObYHjdeCWtWxvcjy9J/uqCEEJpQ\nHAH1WWsHs42M/5B3ok04wPmQHQCWqEo2n1XHwArEYTf5KhsbnA01O7jNJK0CAwEA\nAQKCAgBDUIse7uc5mSaKhtaigp9PSL0JhZuJ/R7/KZg6XQ8NZo+oD5/bjLM5GwaA\nnfskv1ETIm2/dW89OJyms+f5NpHjTlE6ec6i1KhS3AaVlocbMS+KrxbiH1HnK2pj\nMElXrrKGv7klO9oSWDrB6YIRmk4t4e81YWqib9CYy8tAHKCXZgVv874etY/AlvCy\niNQPj8dXuS34s5sUFvoGiMeWzKcdo2lWG1lEXTCylvz0rom+BAybP7eTRelSJOfk\nlclvwddoskp+2oW37hPdxPfInxefv5vOoksUHnvA+zLRdVzeujBMocdFfoJBP6s/\ndT73zBd7wkS5wP5Er5PyMNuX0TUCi1I1ABMfXrVmlKb5nOdmD+3K27PTX0k/H0eF\nirX6nqsRAw1ODLIxYBmtoXsZBA6JyqPDeRqiO4gJXsZvY5rzuw0HDMqVkkgTzZ3l\nUZXPHzGiP+8v0zD6Mai/w2iq6QRntN/5VzkA5oC1cj5Pvr5kjqJMfJWlFdlTisNN\nVqvklxtnPPlma9XErU3033SpNpkvXIErcquNuXQOyYSuS03cHnEDGTGdEkNPSiNl\n3WFs5QqlUSGtdQwhSIj+hLbj4YJJRFWucFM1E1zWvK+BJ46RL5U7wVy2QQv0i2fy\nf3mKl0mPuSHlVYJ17xOBjqaGyxjMSXUOeF/ehbExCC3fUNZvvQKCAQEA6IvbywFZ\nGgKXIfIfJz991qij5EVbuOd2BHINF9R5VFihWv5q7R9L8GaFs//VDdYb5mgrP5pm\n+OWF/woWBa2kMd4xhq7fkDC6kEHf97amuTC9VCZwv1A8AI9Zc+sA/TK36bke/5VC\nnl/PZJ2jCVy6Oce4OAAUr29wUDMTNj5oFw67SVaYuzlUp9Il1Y7wLUwiyRwNpRhD\nff4/hX0oGyshMtaKv6uqIcq4Txckw/dqwyzzONFxQah1vOjL73VJAz1pms6v8P3U\nVC4Z0PcznKoqvsnEthzx4FPW1+CCOzwsobbHlYG0jUGJVq3dfTL6SdfiD9azlt7x\nZzQ7FdxlnHPUdwKCAQEA0L+fDQ8oXlHrr8hgBhMFYK6/nqvlcU3jOo5clSTMp+bG\ngRNOVm2f2uZZf69ompbFrjPbesnFHRa+d8DcHqUOydq7QgU0Vb7sQ5EPu5uSBb9z\nJ5B0nnVmJB3ZYHA45i5z1RaYpRnfcjoVIl40LCjpalV13ho2N+VZVTTIdsqAOrXe\nUSdmLkUAk4U5mV467LNsJsvGM/hU5Yqgog5rVqoaY6MPcWXyeZwt2/h+OEx7FYjD\nXsccgMAxUFxbdQF76tejeOY4uFVi6hbAFKSJQXI2f1blj9c45qNUhULVu8Y4oVoa\nJWSEGCc73uMYqTUZ66rybuRkVxlgFvNreHnXhbvM+wKCAQBq5Y+dm/sHd9VdZ11m\nv0rrWA4uqqtlLhEULhFSuPslCLDzkSw54D8aPSaM/bdEav3cRlpLHIDlPS0BdfN1\nnMJzof4GOXDPaXb5RS7dQfsV+g+uFRWS/CD46Oxn2slTmvLr34seVdCP2N8PE1+U\nuClq0iIeq/rWQlXQqAnWz40tvDnflo0S02HU20dFCjXhvLPo2ppzH9o2mp88j7HV\n+1eBdRnGzfShH/zlbnAaHSvYmFsd7Tkww22L7z9/zdxIPvzCiuxZzXTDVYXMhzYU\neCy6Eyn3xQpy4ldKWQvEiv7BP7IzSbJjlJK7Y6UDHmHre++Q9FMNsWIq3NmkTPHw\nn1Y1AoIBAA2nq0DQcASTeUZbZiSfk+d6JuC7P9wEi0umSlobOSP2jZ+d4q72ptFL\n5ijbEY2jNTUrAT1r+2/mr/jnbb63b1s26q7r5juBrLTSxWOxToD/wAmjgm1nIpJU\nPYb4cFBmU39p5fxOz/YJ5J4F6YXF+1bQVlB8CHXpk8lmFYLnxjGQ+gT2/dEjBGGi\nAl2M82/OYNG83K9DnFITmmRfaxgVMnq4DOePEqhv1fQgsij+n8KN2rHVdoDZkaA/\nGmByA2geSPw8mxM7yqeja1cuWCgmz3fO+F9LZdZ4cqvw7khFNCkh2rn9dEKcNmdj\nFZbj+VkYKpmkaQfligqWS75qwfVmjocCggEBAKoO4KHSTdM4JPgxO7ur+5O7VzoZ\nKZ2Ic7rx1v9Z21LJ8betIi4Y6ntkl/LAn7AkWo6xKtfEjMPmaXgLhSsoArE7W2Du\nhxwlUiypmbbJ9BQBDyu7baqV+4J86KPX7LduhCDZYjPNhDhqkFlPjLUEwBmwEY+T\nWhxnFp7ftZC4eRe5TmDaQEjb5VqknSuqeJBduzfn7iMHeFu/UNkwB+H4jjE9dJHx\nFe/VUDJ6NIuXxQYHHy4wO2SqOQcq4qOtpy45ixXYoMA27UFdo4kEsYwpQkgFvvY+\nwiDI/oAIKhnXhove7nWvE/Vz5UTpcvbBJjwRXDi+uYimR8hwarCudhgAheY=\n-----END RSA PRIVATE KEY-----\n",
            "private_key_pem_pkcs8": "-----BEGIN PRIVATE KEY-----\nMIIJQgIBADANBgkqhkiG9w0BAQEFAASCCSwwggkoAgEAAoICAQC9n7Nop/CDKu1B\n2Zwq7ZbCkS+MtffUsmbuaWLjrgQvusbSI84UDgbzwXNvdhl+EuygpdtVp4nOU+85\nD2Ep3/gvoEYrA4AZvaN/ey4GJvuKWiZmvK+WbuUlPWgRdY7Q6nI2Oo9uoXXAlAiE\ntPzl77v0mfmh4bIz2qo7tcq4IkBIm91tHTzM1yunNUhoxYWqaWzJov5nNamS7rFJ\nFYkXAuSdd9RarXoJ0f6RLcJamTgzphtkMRt8rT+AsLJzn3RFRWQP6HF7dhCCrVls\nzWOn04xF175mHXFPJPtcj+zy6yx3fUQRDnf/cojF0qX906NRE1j2gEkyUQ2bpR3k\n9jzFBKnmgSEkLqzzF4dI+T+tSsHY30nc5fMl41c2GzEaHF6Tn4yoqVW6Nc9Ae0Ki\nsc4wR3ebqk3FAHa3kewrArDpvExajtarPobKahBr5kYWvymanMTqufHlGGnu48bA\n8YVRkIlaajkJI3YDs0kuKce3WqZeDeP5LfL2PzjPR+2NucpjOu9w57Y6kMMZs+0i\nbC5wOrdt0A5LuE6VS/7WYOmT/qMruU2SVltk57o8YDG8rS9mq+MKjwCDAXz63OxS\nbK1amykY5tgeN14Ja1bG9yPL0n+6oIQQmlAcAfVZawezjYz/kHeiTTjA+ZAdAJao\nSjafVcfACsRhN/kqGxucDTU7uM0krQIDAQABAoICAENQix7u5zmZJoqG1qKCn09I\nvQmFm4n9Hv8pmDpdDw1mj6gPn9uMszkbBoCd+yS/URMibb91bz04nKaz5/k2keNO\nUTp5zqLUqFLcBpWWhxsxL4qvFuIfUecramMwSVeusoa/uSU72hJYOsHpghGaTi3h\n7zVhaqJv0JjLy0AcoJdmBW/zvh61j8CW8LKI1A+Px1e5LfizmxQW+gaIx5bMpx2j\naVYbWURdMLKW/PSuib4EDJs/t5NF6VIk5+SVyW/B12iySn7ahbfuE93E98ifF5+/\nm86iSxQee8D7MtF1XN66MEyhx0V+gkE/qz91PvfMF3vCRLnA/kSvk/Iw25fRNQKL\nUjUAEx9etWaUpvmc52YP7crbs9NfST8fR4WKtfqeqxEDDU4MsjFgGa2hexkEDonK\no8N5GqI7iAlexm9jmvO7DQcMypWSSBPNneVRlc8fMaI/7y/TMPoxqL/DaKrpBGe0\n3/lXOQDmgLVyPk++vmSOokx8laUV2VOKw01Wq+SXG2c8+WZr1cStTfTfdKk2mS9c\ngStyq425dA7JhK5LTdwecQMZMZ0SQ09KI2XdYWzlCqVRIa11DCFIiP6EtuPhgklE\nVa5wUzUTXNa8r4EnjpEvlTvBXLZBC/SLZ/J/eYqXSY+5IeVVgnXvE4GOpobLGMxJ\ndQ54X96FsTEILd9Q1m+9AoIBAQDoi9vLAVkaApch8h8nP33WqKPkRVu453YEcg0X\n1HlUWKFa/mrtH0vwZoWz/9UN1hvmaCs/mmb45YX/ChYFraQx3jGGrt+QMLqQQd/3\ntqa5ML1UJnC/UDwAj1lz6wD9MrfpuR7/lUKeX89knaMJXLo5x7g4ABSvb3BQMxM2\nPmgXDrtJVpi7OVSn0iXVjvAtTCLJHA2lGEN9/j+FfSgbKyEy1oq/q6ohyrhPFyTD\n92rDLPM40XFBqHW86MvvdUkDPWmazq/w/dRULhnQ9zOcqiq+ycS2HPHgU9bX4II7\nPCyhtseVgbSNQYlWrd19MvpJ1+IP1rOW3vFnNDsV3GWcc9R3AoIBAQDQv58NDyhe\nUeuvyGAGEwVgrr+eq+VxTeM6jlyVJMyn5saBE05WbZ/a5ll/r2ialsWuM9t6ycUd\nFr53wNwepQ7J2rtCBTRVvuxDkQ+7m5IFv3MnkHSedWYkHdlgcDjmLnPVFpilGd9y\nOhUiXjQsKOlqVXXeGjY35VlVNMh2yoA6td5RJ2YuRQCThTmZXjrss2wmy8Yz+FTl\niqCiDmtWqhpjow9xZfJ5nC3b+H44THsViMNexxyAwDFQXFt1AXvq16N45ji4VWLq\nFsAUpIlBcjZ/VuWP1zjmo1SFQtW7xjihWholZIQYJzve4xipNRnrqvJu5GRXGWAW\n82t4edeFu8z7AoIBAGrlj52b+wd31V1nXWa/SutYDi6qq2UuERQuEVK4+yUIsPOR\nLDngPxo9Joz9t0Rq/dxGWkscgOU9LQF183WcwnOh/gY5cM9pdvlFLt1B+xX6D64V\nFZL8IPjo7GfayVOa8uvfix5V0I/Y3w8TX5S4KWrSIh6r+tZCVdCoCdbPjS28Od+W\njRLTYdTbR0UKNeG8s+jamnMf2jaanzyPsdX7V4F1GcbN9KEf/OVucBodK9iYWx3t\nOTDDbYvvP3/N3Eg+/MKK7FnNdMNVhcyHNhR4LLoTKffFCnLiV0pZC8SK/sE/sjNJ\nsmOUkrtjpQMeYet775D0Uw2xYirc2aRM8fCfVjUCggEADaerQNBwBJN5RltmJJ+T\n53om4Ls/3ASLS6ZKWhs5I/aNn53irvam0UvmKNsRjaM1NSsBPWv7b+av+Odtvrdv\nWzbqruvmO4GstNLFY7FOgP/ACaOCbWciklQ9hvhwUGZTf2nl/E7P9gnkngXphcX7\nVtBWUHwIdemTyWYVgufGMZD6BPb90SMEYaICXYzzb85g0bzcr0OcUhOaZF9rGBUy\nergM548SqG/V9CCyKP6fwo3asdV2gNmRoD8aYHIDaB5I/DybEzvKp6NrVy5YKCbP\nd874X0tl1nhyq/DuSEU0KSHauf10Qpw2Z2MVluP5WRgqmaRpB+WKCpZLvmrB9WaO\nhwKCAQEAqg7godJN0zgk+DE7u6v7k7tXOhkpnYhzuvHW/1nbUsnxt60iLhjqe2SX\n8sCfsCRajrEq18SMw+ZpeAuFKygCsTtbYO6HHCVSLKmZtsn0FAEPK7ttqpX7gnzo\no9fst26EINliM82EOGqQWU+MtQTAGbARj5NaHGcWnt+1kLh5F7lOYNpASNvlWqSd\nK6p4kF27N+fuIwd4W79Q2TAH4fiOMT10kfEV79VQMno0i5fFBgcfLjA7ZKo5Byri\no62nLjmLFdigwDbtQV2jiQSxjClCSAW+9j7CIMj+gAgqGdeGi97uda8T9XPlROly\n9sEmPBFcOL65iKZHyHBqsK52GACF5g==\n-----END PRIVATE KEY-----\n",
            "public_key_fingerprint_md5": "dc:b1:d9:b4:4d:9b:cf:50:fa:ec:b1:47:b6:60:e8:ab",
            "public_key_fingerprint_sha256": "SHA256:Qf7IW5SvHuB54mycU1YgPbvGHWfGk5X0FFwghz6snHs",
            "public_key_openssh": "ssh-rsa AAAAB3NzaC1yc2EAAAADAQABAAACAQC9n7Nop/CDKu1B2Zwq7ZbCkS+MtffUsmbuaWLjrgQvusbSI84UDgbzwXNvdhl+EuygpdtVp4nOU+85D2Ep3/gvoEYrA4AZvaN/ey4GJvuKWiZmvK+WbuUlPWgRdY7Q6nI2Oo9uoXXAlAiEtPzl77v0mfmh4bIz2qo7tcq4IkBIm91tHTzM1yunNUhoxYWqaWzJov5nNamS7rFJFYkXAuSdd9RarXoJ0f6RLcJamTgzphtkMRt8rT+AsLJzn3RFRWQP6HF7dhCCrVlszWOn04xF175mHXFPJPtcj+zy6yx3fUQRDnf/cojF0qX906NRE1j2gEkyUQ2bpR3k9jzFBKnmgSEkLqzzF4dI+T+tSsHY30nc5fMl41c2GzEaHF6Tn4yoqVW6Nc9Ae0Kisc4wR3ebqk3FAHa3kewrArDpvExajtarPobKahBr5kYWvymanMTqufHlGGnu48bA8YVRkIlaajkJI3YDs0kuKce3WqZeDeP5LfL2PzjPR+2NucpjOu9w57Y6kMMZs+0ibC5wOrdt0A5LuE6VS/7WYOmT/qMruU2SVltk57o8YDG8rS9mq+MKjwCDAXz63OxSbK1amykY5tgeN14Ja1bG9yPL0n+6oIQQmlAcAfVZawezjYz/kHeiTTjA+ZAdAJaoSjafVcfACsRhN/kqGxucDTU7uM0krQ==\n",
            "public_key_pem": "-----BEGIN PUBLIC KEY-----\nMIICIjANBgkqhkiG9w0BAQEFAAOCAg8AMIICCgKCAgEAvZ+zaKfwgyrtQdmcKu2W\nwpEvjLX31LJm7mli464EL7rG0iPOFA4G88Fzb3YZfhLsoKXbVaeJzlPvOQ9hKd/4\nL6BGKwOAGb2jf3suBib7ilomZryvlm7lJT1oEXWO0OpyNjqPbqF1wJQIhLT85e+7\n9Jn5oeGyM9qqO7XKuCJASJvdbR08zNcrpzVIaMWFqmlsyaL+ZzWpku6xSRWJFwLk\nnXfUWq16CdH+kS3CWpk4M6YbZDEbfK0/gLCyc590RUVkD+hxe3YQgq1ZbM1jp9OM\nRde+Zh1xTyT7XI/s8ussd31EEQ53/3KIxdKl/dOjURNY9oBJMlENm6Ud5PY8xQSp\n5oEhJC6s8xeHSPk/rUrB2N9J3OXzJeNXNhsxGhxek5+MqKlVujXPQHtCorHOMEd3\nm6pNxQB2t5HsKwKw6bxMWo7Wqz6GymoQa+ZGFr8pmpzE6rnx5Rhp7uPGwPGFUZCJ\nWmo5CSN2A7NJLinHt1qmXg3j+S3y9j84z0ftjbnKYzrvcOe2OpDDGbPtImwucDq3\nbdAOS7hOlUv+1mDpk/6jK7lNklZbZOe6PGAxvK0vZqvjCo8AgwF8+tzsUmytWpsp\nGObYHjdeCWtWxvcjy9J/uqCEEJpQHAH1WWsHs42M/5B3ok04wPmQHQCWqEo2n1XH\nwArEYTf5KhsbnA01O7jNJK0CAwEAAQ==\n-----END PUBLIC KEY-----\n",
            "rsa_bits": 4096
          },
          "sensitive_attributes": []
        }
      ]
    },
    {
      "module": "module.ecr-backend",
      "mode": "managed",
      "type": "aws_ecr_repository",
      "name": "ecr_repo",
      "provider": "provider[\"registry.terraform.io/hashicorp/aws\"]",
      "instances": [
        {
          "schema_version": 0,
          "attributes": {
            "arn": "arn:aws:ecr:us-east-1:905418041560:repository/backend-repository",
            "encryption_configuration": [
              {
                "encryption_type": "AES256",
                "kms_key": ""
              }
            ],
            "force_delete": null,
            "id": "backend-repository",
            "image_scanning_configuration": [
              {
                "scan_on_push": true
              }
            ],
            "image_tag_mutability": "MUTABLE",
            "name": "backend-repository",
            "registry_id": "905418041560",
            "repository_url": "905418041560.dkr.ecr.us-east-1.amazonaws.com/backend-repository",
            "tags": null,
            "tags_all": {},
            "timeouts": null
          },
          "sensitive_attributes": [],
          "private": "eyJlMmJmYjczMC1lY2FhLTExZTYtOGY4OC0zNDM2M2JjN2M0YzAiOnsiZGVsZXRlIjoxMjAwMDAwMDAwMDAwfX0="
        }
      ]
    },
    {
      "module": "module.ecr-frontend",
      "mode": "managed",
      "type": "aws_ecr_repository",
      "name": "ecr_repo",
      "provider": "provider[\"registry.terraform.io/hashicorp/aws\"]",
      "instances": [
        {
          "schema_version": 0,
          "attributes": {
            "arn": "arn:aws:ecr:us-east-1:905418041560:repository/frontend-repository",
            "encryption_configuration": [
              {
                "encryption_type": "AES256",
                "kms_key": ""
              }
            ],
            "force_delete": null,
            "id": "frontend-repository",
            "image_scanning_configuration": [
              {
                "scan_on_push": true
              }
            ],
            "image_tag_mutability": "MUTABLE",
            "name": "frontend-repository",
            "registry_id": "905418041560",
            "repository_url": "905418041560.dkr.ecr.us-east-1.amazonaws.com/frontend-repository",
            "tags": {},
            "tags_all": {},
            "timeouts": null
          },
          "sensitive_attributes": [],
          "private": "eyJlMmJmYjczMC1lY2FhLTExZTYtOGY4OC0zNDM2M2JjN2M0YzAiOnsiZGVsZXRlIjoxMjAwMDAwMDAwMDAwfX0="
        }
      ]
    },
    {
      "module": "module.rds",
      "mode": "data",
      "type": "aws_iam_policy",
      "name": "rds_monitoring_policy",
      "provider": "provider[\"registry.terraform.io/hashicorp/aws\"]",
      "instances": [
        {
          "schema_version": 0,
          "attributes": {
            "arn": "arn:aws:iam::aws:policy/service-role/AmazonRDSEnhancedMonitoringRole",
            "description": "Provides access to Cloudwatch for RDS Enhanced Monitoring",
            "id": "arn:aws:iam::aws:policy/service-role/AmazonRDSEnhancedMonitoringRole",
            "name": "AmazonRDSEnhancedMonitoringRole",
            "path": "/service-role/",
            "path_prefix": null,
            "policy": "{\n    \"Version\": \"2012-10-17\",\n    \"Statement\": [\n        {\n            \"Sid\": \"EnableCreationAndManagementOfRDSCloudwatchLogGroups\",\n            \"Effect\": \"Allow\",\n            \"Action\": [\n                \"logs:CreateLogGroup\",\n                \"logs:PutRetentionPolicy\"\n            ],\n            \"Resource\": [\n                \"arn:aws:logs:*:*:log-group:RDS*\"\n            ]\n        },\n        {\n            \"Sid\": \"EnableCreationAndManagementOfRDSCloudwatchLogStreams\",\n            \"Effect\": \"Allow\",\n            \"Action\": [\n                \"logs:CreateLogStream\",\n                \"logs:PutLogEvents\",\n                \"logs:DescribeLogStreams\",\n                \"logs:GetLogEvents\"\n            ],\n            \"Resource\": [\n                \"arn:aws:logs:*:*:log-group:RDS*:log-stream:*\"\n            ]\n        }\n    ]\n}",
            "policy_id": "ANPAJV7BS425S4PTSSVGK",
            "tags": {}
          },
          "sensitive_attributes": []
        }
      ]
    },
    {
      "module": "module.rds",
      "mode": "managed",
      "type": "aws_db_instance",
      "name": "rds_db_instance",
      "provider": "provider[\"registry.terraform.io/hashicorp/aws\"]",
      "instances": [
        {
          "schema_version": 2,
          "attributes": {
            "address": "devops-fullstack-app-db.czmsgaeicut9.us-east-1.rds.amazonaws.com",
            "allocated_storage": 20,
            "allow_major_version_upgrade": false,
            "apply_immediately": false,
            "arn": "arn:aws:rds:us-east-1:905418041560:db:devops-fullstack-app-db",
            "auto_minor_version_upgrade": true,
            "availability_zone": "us-east-1b",
            "backup_retention_period": 7,
            "backup_target": "region",
            "backup_window": "06:00-07:00",
            "blue_green_update": [],
            "ca_cert_identifier": "rds-ca-rsa2048-g1",
            "character_set_name": "",
            "copy_tags_to_snapshot": true,
            "custom_iam_instance_profile": "",
            "customer_owned_ip_enabled": false,
            "db_name": "",
            "db_subnet_group_name": "devops-fullstack-app-subnet-group",
            "delete_automated_backups": true,
            "deletion_protection": true,
            "domain": "",
            "domain_iam_role_name": "",
            "enabled_cloudwatch_logs_exports": [
              "postgresql",
              "upgrade"
            ],
            "endpoint": "devops-fullstack-app-db.czmsgaeicut9.us-east-1.rds.amazonaws.com:5432",
            "engine": "postgres",
            "engine_version": "16.2",
            "engine_version_actual": "16.2",
            "final_snapshot_identifier": "devops-fullstack-app-rds-snapshot",
            "hosted_zone_id": "Z2R2ITUGPM61AM",
            "iam_database_authentication_enabled": false,
            "id": "db-BGVVADKJF6RIQPZJNOISES4JT4",
            "identifier": "devops-fullstack-app-db",
            "identifier_prefix": "",
            "instance_class": "db.t3.micro",
            "iops": 0,
            "kms_key_id": "",
            "latest_restorable_time": "2024-03-24T08:50:56Z",
            "license_model": "postgresql-license",
            "listener_endpoint": [],
            "maintenance_window": "sun:00:00-sun:01:00",
            "manage_master_user_password": null,
            "master_user_secret": [],
            "master_user_secret_kms_key_id": null,
            "max_allocated_storage": 50,
            "monitoring_interval": 60,
            "monitoring_role_arn": "arn:aws:iam::905418041560:role/rdsMonitoringRole",
            "multi_az": false,
            "nchar_character_set_name": "",
            "network_type": "IPV4",
            "option_group_name": "default:postgres-16",
            "parameter_group_name": "devops-fullstack-app-parameter-group",
            "password": "test1234",
            "performance_insights_enabled": true,
            "performance_insights_kms_key_id": "arn:aws:kms:us-east-1:905418041560:key/a8f50e54-66ce-4a9c-8873-67e99bb44243",
            "performance_insights_retention_period": 7,
            "port": 5432,
            "publicly_accessible": true,
            "replica_mode": "",
            "replicas": [],
            "replicate_source_db": "",
            "resource_id": "db-BGVVADKJF6RIQPZJNOISES4JT4",
            "restore_to_point_in_time": [],
            "s3_import": [],
            "skip_final_snapshot": true,
            "snapshot_identifier": null,
            "status": "available",
            "storage_encrypted": false,
            "storage_throughput": 0,
            "storage_type": "gp2",
            "tags": {
              "Env": "STAGE",
              "Name": "devops-fullstack-app-db",
              "Project": "devops-fullstack-app",
              "Terraform": "true"
            },
            "tags_all": {
              "Env": "STAGE",
              "Name": "devops-fullstack-app-db",
              "Project": "devops-fullstack-app",
              "Terraform": "true"
            },
            "timeouts": null,
            "timezone": "",
            "username": "test",
            "vpc_security_group_ids": [
              "sg-0fc7e3a8af4c26520"
            ]
          },
          "sensitive_attributes": [],
          "private": "eyJlMmJmYjczMC1lY2FhLTExZTYtOGY4OC0zNDM2M2JjN2M0YzAiOnsiY3JlYXRlIjoyNDAwMDAwMDAwMDAwLCJkZWxldGUiOjM2MDAwMDAwMDAwMDAsInVwZGF0ZSI6NDgwMDAwMDAwMDAwMH0sInNjaGVtYV92ZXJzaW9uIjoiMiJ9",
          "dependencies": [
            "module.rds.aws_db_parameter_group.rds_parameter_group",
            "module.rds.aws_db_subnet_group.db_subnet_group",
            "module.rds.aws_iam_role.rds_monitoring_role",
            "module.rds.aws_security_group.rds_security_group",
            "module.rds.data.aws_iam_policy.rds_monitoring_policy"
          ]
        }
      ]
    },
    {
      "module": "module.rds",
      "mode": "managed",
      "type": "aws_db_parameter_group",
      "name": "rds_parameter_group",
      "provider": "provider[\"registry.terraform.io/hashicorp/aws\"]",
      "instances": [
        {
          "schema_version": 0,
          "attributes": {
            "arn": "arn:aws:rds:us-east-1:905418041560:pg:devops-fullstack-app-parameter-group",
            "description": "Managed by Terraform",
            "family": "postgres16",
            "id": "devops-fullstack-app-parameter-group",
            "name": "devops-fullstack-app-parameter-group",
            "name_prefix": null,
            "parameter": [
              {
                "apply_method": "immediate",
                "name": "rds.force_ssl",
                "value": "0"
              }
            ],
            "tags": null,
            "tags_all": {}
          },
          "sensitive_attributes": [],
          "private": "bnVsbA==",
          "create_before_destroy": true
        }
      ]
    },
    {
      "module": "module.rds",
      "mode": "managed",
      "type": "aws_db_subnet_group",
      "name": "db_subnet_group",
      "provider": "provider[\"registry.terraform.io/hashicorp/aws\"]",
      "instances": [
        {
          "schema_version": 0,
          "attributes": {
            "arn": "arn:aws:rds:us-east-1:905418041560:subgrp:devops-fullstack-app-subnet-group",
            "description": "Managed by Terraform",
            "id": "devops-fullstack-app-subnet-group",
            "name": "devops-fullstack-app-subnet-group",
            "name_prefix": "",
            "subnet_ids": [
              "subnet-0c5ba2ebf0d44b6f7",
              "subnet-0cca6cca3b18df7fd"
            ],
            "supported_network_types": [
              "IPV4"
            ],
            "tags": {
              "Name": "devops-fullstack-app-subnet-group"
            },
            "tags_all": {
              "Name": "devops-fullstack-app-subnet-group"
            },
            "vpc_id": "vpc-0c846ad7f5ab91967"
          },
          "sensitive_attributes": [],
          "private": "bnVsbA=="
        }
      ]
    },
    {
      "module": "module.rds",
      "mode": "managed",
      "type": "aws_iam_role",
      "name": "rds_monitoring_role",
      "provider": "provider[\"registry.terraform.io/hashicorp/aws\"]",
      "instances": [
        {
          "schema_version": 0,
          "attributes": {
            "arn": "arn:aws:iam::905418041560:role/rdsMonitoringRole",
            "assume_role_policy": "{\"Statement\":[{\"Action\":\"sts:AssumeRole\",\"Effect\":\"Allow\",\"Principal\":{\"Service\":\"monitoring.rds.amazonaws.com\"},\"Sid\":\"\"}],\"Version\":\"2012-10-17\"}",
            "create_date": "2024-03-24T08:41:54Z",
            "description": "Allows access to RDS service resources that are required to fetch logs and metrics by Cloudwatch.",
            "force_detach_policies": false,
            "id": "rdsMonitoringRole",
            "inline_policy": [],
            "managed_policy_arns": [
              "arn:aws:iam::aws:policy/service-role/AmazonRDSEnhancedMonitoringRole"
            ],
            "max_session_duration": 3600,
            "name": "rdsMonitoringRole",
            "name_prefix": "",
            "path": "/",
            "permissions_boundary": "",
            "tags": null,
            "tags_all": {},
            "unique_id": "AROA5FTY65DMJQLOKKLEN"
          },
          "sensitive_attributes": [],
          "private": "bnVsbA==",
          "dependencies": [
            "module.rds.data.aws_iam_policy.rds_monitoring_policy"
          ]
        }
      ]
    },
    {
      "module": "module.rds",
      "mode": "managed",
      "type": "aws_security_group",
      "name": "rds_security_group",
      "provider": "provider[\"registry.terraform.io/hashicorp/aws\"]",
      "instances": [
        {
          "schema_version": 1,
          "attributes": {
            "arn": "arn:aws:ec2:us-east-1:905418041560:security-group/sg-0fc7e3a8af4c26520",
            "description": "Managed by Terraform",
            "egress": [],
            "id": "sg-0fc7e3a8af4c26520",
            "ingress": [],
            "name": "devops-rds-db",
            "name_prefix": "",
            "owner_id": "905418041560",
            "revoke_rules_on_delete": false,
            "tags": {
              "Name": "rds-sg"
            },
            "tags_all": {
              "Name": "rds-sg"
            },
            "timeouts": null,
            "vpc_id": "vpc-0c846ad7f5ab91967"
          },
          "sensitive_attributes": [],
          "private": "eyJlMmJmYjczMC1lY2FhLTExZTYtOGY4OC0zNDM2M2JjN2M0YzAiOnsiY3JlYXRlIjo2MDAwMDAwMDAwMDAsImRlbGV0ZSI6OTAwMDAwMDAwMDAwfSwic2NoZW1hX3ZlcnNpb24iOiIxIn0="
        }
      ]
    },
    {
      "module": "module.rds",
      "mode": "managed",
      "type": "aws_security_group_rule",
      "name": "rds_ingress_rules",
      "provider": "provider[\"registry.terraform.io/hashicorp/aws\"]",
      "instances": [
        {
          "index_key": 0,
          "schema_version": 2,
          "attributes": {
            "cidr_blocks": [
              "0.0.0.0/0"
            ],
            "description": null,
            "from_port": 5432,
            "id": "sgrule-3612608634",
            "ipv6_cidr_blocks": null,
            "prefix_list_ids": null,
            "protocol": "tcp",
            "security_group_id": "sg-0fc7e3a8af4c26520",
            "security_group_rule_id": "sgr-0af34e48cf3dc2330",
            "self": false,
            "source_security_group_id": null,
            "timeouts": null,
            "to_port": 5432,
            "type": "ingress"
          },
          "sensitive_attributes": [],
          "private": "eyJlMmJmYjczMC1lY2FhLTExZTYtOGY4OC0zNDM2M2JjN2M0YzAiOnsiY3JlYXRlIjozMDAwMDAwMDAwMDB9LCJzY2hlbWFfdmVyc2lvbiI6IjIifQ==",
          "dependencies": [
            "module.rds.aws_security_group.rds_security_group"
          ]
        },
        {
          "index_key": 1,
          "schema_version": 2,
          "attributes": {
            "cidr_blocks": [
              "0.0.0.0/0"
            ],
            "description": null,
            "from_port": 3000,
            "id": "sgrule-1563531796",
            "ipv6_cidr_blocks": null,
            "prefix_list_ids": null,
            "protocol": "tcp",
            "security_group_id": "sg-0fc7e3a8af4c26520",
            "security_group_rule_id": "sgr-02c4cbfdc42f80a7a",
            "self": false,
            "source_security_group_id": null,
            "timeouts": null,
            "to_port": 3000,
            "type": "ingress"
          },
          "sensitive_attributes": [],
          "private": "eyJlMmJmYjczMC1lY2FhLTExZTYtOGY4OC0zNDM2M2JjN2M0YzAiOnsiY3JlYXRlIjozMDAwMDAwMDAwMDB9LCJzY2hlbWFfdmVyc2lvbiI6IjIifQ==",
          "dependencies": [
            "module.rds.aws_security_group.rds_security_group"
          ]
        },
        {
          "index_key": 2,
          "schema_version": 2,
          "attributes": {
            "cidr_blocks": [
              "0.0.0.0/0"
            ],
            "description": null,
            "from_port": 8080,
            "id": "sgrule-307351552",
            "ipv6_cidr_blocks": null,
            "prefix_list_ids": null,
            "protocol": "tcp",
            "security_group_id": "sg-0fc7e3a8af4c26520",
            "security_group_rule_id": "sgr-0b71d490f85a5824b",
            "self": false,
            "source_security_group_id": null,
            "timeouts": null,
            "to_port": 8080,
            "type": "ingress"
          },
          "sensitive_attributes": [],
          "private": "eyJlMmJmYjczMC1lY2FhLTExZTYtOGY4OC0zNDM2M2JjN2M0YzAiOnsiY3JlYXRlIjozMDAwMDAwMDAwMDB9LCJzY2hlbWFfdmVyc2lvbiI6IjIifQ==",
          "dependencies": [
            "module.rds.aws_security_group.rds_security_group"
          ]
        }
      ]
    },
    {
      "module": "module.vpc",
      "mode": "managed",
      "type": "aws_eip",
      "name": "elastic_ip",
      "provider": "provider[\"registry.terraform.io/hashicorp/aws\"]",
      "instances": [
        {
          "schema_version": 0,
          "attributes": {
            "address": null,
            "allocation_id": "eipalloc-0c388cc64096b687b",
            "associate_with_private_ip": null,
            "association_id": "",
            "carrier_ip": "",
            "customer_owned_ip": "",
            "customer_owned_ipv4_pool": "",
            "domain": "vpc",
            "id": "eipalloc-0c388cc64096b687b",
            "instance": "",
            "network_border_group": "us-east-1",
            "network_interface": "",
            "private_dns": "ip-10-0-2-107.ec2.internal",
            "private_ip": "",
            "public_dns": "ec2-34-226-68-39.compute-1.amazonaws.com",
            "public_ip": "34.226.68.39",
            "public_ipv4_pool": "amazon",
            "tags": {
              "Name": "us-east1-eip"
            },
            "tags_all": {
              "Name": "us-east1-eip"
            },
            "timeouts": null,
            "vpc": true
          },
          "sensitive_attributes": [],
          "private": "eyJlMmJmYjczMC1lY2FhLTExZTYtOGY4OC0zNDM2M2JjN2M0YzAiOnsiZGVsZXRlIjoxODAwMDAwMDAwMDAsInJlYWQiOjkwMDAwMDAwMDAwMCwidXBkYXRlIjozMDAwMDAwMDAwMDB9fQ=="
        }
      ]
    },
    {
      "module": "module.vpc",
      "mode": "managed",
      "type": "aws_internet_gateway",
      "name": "internet_gateway",
      "provider": "provider[\"registry.terraform.io/hashicorp/aws\"]",
      "instances": [
        {
          "schema_version": 0,
          "attributes": {
            "arn": "arn:aws:ec2:us-east-1:905418041560:internet-gateway/igw-0e892db15cf9b3d6b",
            "id": "igw-0e892db15cf9b3d6b",
            "owner_id": "905418041560",
            "tags": {
              "Name": "igw-east1"
            },
            "tags_all": {
              "Name": "igw-east1"
            },
            "timeouts": null,
            "vpc_id": "vpc-0c846ad7f5ab91967"
          },
          "sensitive_attributes": [],
          "private": "eyJlMmJmYjczMC1lY2FhLTExZTYtOGY4OC0zNDM2M2JjN2M0YzAiOnsiY3JlYXRlIjoxMjAwMDAwMDAwMDAwLCJkZWxldGUiOjEyMDAwMDAwMDAwMDAsInVwZGF0ZSI6MTIwMDAwMDAwMDAwMH19",
          "dependencies": [
            "module.vpc.aws_vpc.vpc"
          ]
        }
      ]
    },
    {
      "module": "module.vpc",
      "mode": "managed",
      "type": "aws_route_table",
      "name": "public_route_table",
      "provider": "provider[\"registry.terraform.io/hashicorp/aws\"]",
      "instances": [
        {
          "schema_version": 0,
          "attributes": {
            "arn": "arn:aws:ec2:us-east-1:905418041560:route-table/rtb-0c7fb93f5136bf331",
            "id": "rtb-0c7fb93f5136bf331",
            "owner_id": "905418041560",
            "propagating_vgws": [],
            "route": [
              {
                "carrier_gateway_id": "",
                "cidr_block": "0.0.0.0/0",
                "core_network_arn": "",
                "destination_prefix_list_id": "",
                "egress_only_gateway_id": "",
                "gateway_id": "igw-0e892db15cf9b3d6b",
                "ipv6_cidr_block": "",
                "local_gateway_id": "",
                "nat_gateway_id": "",
                "network_interface_id": "",
                "transit_gateway_id": "",
                "vpc_endpoint_id": "",
                "vpc_peering_connection_id": ""
              }
            ],
            "tags": {
              "Name": "route-table-public-east1"
            },
            "tags_all": {
              "Name": "route-table-public-east1"
            },
            "timeouts": null,
            "vpc_id": "vpc-0c846ad7f5ab91967"
          },
          "sensitive_attributes": [],
          "private": "eyJlMmJmYjczMC1lY2FhLTExZTYtOGY4OC0zNDM2M2JjN2M0YzAiOnsiY3JlYXRlIjozMDAwMDAwMDAwMDAsImRlbGV0ZSI6MzAwMDAwMDAwMDAwLCJ1cGRhdGUiOjEyMDAwMDAwMDAwMH19",
          "dependencies": [
            "module.vpc.aws_internet_gateway.internet_gateway",
            "module.vpc.aws_vpc.vpc"
          ]
        }
      ]
    },
    {
      "module": "module.vpc",
      "mode": "managed",
      "type": "aws_route_table_association",
      "name": "public_route_table_association",
      "provider": "provider[\"registry.terraform.io/hashicorp/aws\"]",
      "instances": [
        {
          "index_key": 0,
          "schema_version": 0,
          "attributes": {
            "gateway_id": "",
            "id": "rtbassoc-0c335e67ca06cf404",
            "route_table_id": "rtb-0c7fb93f5136bf331",
            "subnet_id": "subnet-0cca6cca3b18df7fd",
            "timeouts": null
          },
          "sensitive_attributes": [],
          "private": "eyJlMmJmYjczMC1lY2FhLTExZTYtOGY4OC0zNDM2M2JjN2M0YzAiOnsiY3JlYXRlIjozMDAwMDAwMDAwMDAsImRlbGV0ZSI6MzAwMDAwMDAwMDAwLCJ1cGRhdGUiOjEyMDAwMDAwMDAwMH19",
          "dependencies": [
            "module.vpc.aws_internet_gateway.internet_gateway",
            "module.vpc.aws_route_table.public_route_table",
            "module.vpc.aws_subnet.subnets",
            "module.vpc.aws_vpc.vpc"
          ]
        },
        {
          "index_key": 1,
          "schema_version": 0,
          "attributes": {
            "gateway_id": "",
            "id": "rtbassoc-05baacba13e606168",
            "route_table_id": "rtb-0c7fb93f5136bf331",
            "subnet_id": "subnet-0c5ba2ebf0d44b6f7",
            "timeouts": null
          },
          "sensitive_attributes": [],
          "private": "eyJlMmJmYjczMC1lY2FhLTExZTYtOGY4OC0zNDM2M2JjN2M0YzAiOnsiY3JlYXRlIjozMDAwMDAwMDAwMDAsImRlbGV0ZSI6MzAwMDAwMDAwMDAwLCJ1cGRhdGUiOjEyMDAwMDAwMDAwMH19",
          "dependencies": [
            "module.vpc.aws_internet_gateway.internet_gateway",
            "module.vpc.aws_route_table.public_route_table",
            "module.vpc.aws_subnet.subnets",
            "module.vpc.aws_vpc.vpc"
          ]
        }
      ]
    },
    {
      "module": "module.vpc",
      "mode": "managed",
      "type": "aws_subnet",
      "name": "subnets",
      "provider": "provider[\"registry.terraform.io/hashicorp/aws\"]",
      "instances": [
        {
          "index_key": 0,
          "schema_version": 1,
          "attributes": {
            "arn": "arn:aws:ec2:us-east-1:905418041560:subnet/subnet-0cca6cca3b18df7fd",
            "assign_ipv6_address_on_creation": false,
            "availability_zone": "us-east-1a",
            "availability_zone_id": "use1-az4",
            "cidr_block": "10.0.0.0/20",
            "customer_owned_ipv4_pool": "",
            "enable_dns64": false,
            "enable_lni_at_device_index": 0,
            "enable_resource_name_dns_a_record_on_launch": false,
            "enable_resource_name_dns_aaaa_record_on_launch": false,
            "id": "subnet-0cca6cca3b18df7fd",
            "ipv6_cidr_block": "",
            "ipv6_cidr_block_association_id": "",
            "ipv6_native": false,
            "map_customer_owned_ip_on_launch": false,
            "map_public_ip_on_launch": true,
            "outpost_arn": "",
            "owner_id": "905418041560",
            "private_dns_hostname_type_on_launch": "ip-name",
            "tags": {
              "Name": "subnet-1"
            },
            "tags_all": {
              "Name": "subnet-1"
            },
            "timeouts": null,
            "vpc_id": "vpc-0c846ad7f5ab91967"
          },
          "sensitive_attributes": [],
          "private": "eyJlMmJmYjczMC1lY2FhLTExZTYtOGY4OC0zNDM2M2JjN2M0YzAiOnsiY3JlYXRlIjo2MDAwMDAwMDAwMDAsImRlbGV0ZSI6MTIwMDAwMDAwMDAwMH0sInNjaGVtYV92ZXJzaW9uIjoiMSJ9",
          "dependencies": [
            "module.vpc.aws_vpc.vpc"
          ]
        },
        {
          "index_key": 1,
          "schema_version": 1,
          "attributes": {
            "arn": "arn:aws:ec2:us-east-1:905418041560:subnet/subnet-0c5ba2ebf0d44b6f7",
            "assign_ipv6_address_on_creation": false,
            "availability_zone": "us-east-1b",
            "availability_zone_id": "use1-az6",
            "cidr_block": "10.0.16.0/20",
            "customer_owned_ipv4_pool": "",
            "enable_dns64": false,
            "enable_lni_at_device_index": 0,
            "enable_resource_name_dns_a_record_on_launch": false,
            "enable_resource_name_dns_aaaa_record_on_launch": false,
            "id": "subnet-0c5ba2ebf0d44b6f7",
            "ipv6_cidr_block": "",
            "ipv6_cidr_block_association_id": "",
            "ipv6_native": false,
            "map_customer_owned_ip_on_launch": false,
            "map_public_ip_on_launch": true,
            "outpost_arn": "",
            "owner_id": "905418041560",
            "private_dns_hostname_type_on_launch": "ip-name",
            "tags": {
              "Name": "subnet-2"
            },
            "tags_all": {
              "Name": "subnet-2"
            },
            "timeouts": null,
            "vpc_id": "vpc-0c846ad7f5ab91967"
          },
          "sensitive_attributes": [],
          "private": "eyJlMmJmYjczMC1lY2FhLTExZTYtOGY4OC0zNDM2M2JjN2M0YzAiOnsiY3JlYXRlIjo2MDAwMDAwMDAwMDAsImRlbGV0ZSI6MTIwMDAwMDAwMDAwMH0sInNjaGVtYV92ZXJzaW9uIjoiMSJ9",
          "dependencies": [
            "module.vpc.aws_vpc.vpc"
          ]
        }
      ]
    },
    {
      "module": "module.vpc",
      "mode": "managed",
      "type": "aws_vpc",
      "name": "vpc",
      "provider": "provider[\"registry.terraform.io/hashicorp/aws\"]",
      "instances": [
        {
          "schema_version": 1,
          "attributes": {
            "arn": "arn:aws:ec2:us-east-1:905418041560:vpc/vpc-0c846ad7f5ab91967",
            "assign_generated_ipv6_cidr_block": false,
            "cidr_block": "10.0.0.0/16",
            "default_network_acl_id": "acl-09ebf74e7d9bb200d",
            "default_route_table_id": "rtb-033ab76af040e4bff",
            "default_security_group_id": "sg-04e987b54128b3366",
            "dhcp_options_id": "dopt-09e7e2acb13898f93",
            "enable_dns_hostnames": true,
            "enable_dns_support": true,
            "enable_network_address_usage_metrics": false,
            "id": "vpc-0c846ad7f5ab91967",
            "instance_tenancy": "default",
            "ipv4_ipam_pool_id": null,
            "ipv4_netmask_length": null,
            "ipv6_association_id": "",
            "ipv6_cidr_block": "",
            "ipv6_cidr_block_network_border_group": "",
            "ipv6_ipam_pool_id": "",
            "ipv6_netmask_length": 0,
            "main_route_table_id": "rtb-033ab76af040e4bff",
            "owner_id": "905418041560",
            "tags": {
              "Name": "vpc-us-east1"
            },
            "tags_all": {
              "Name": "vpc-us-east1"
            }
          },
          "sensitive_attributes": [],
          "private": "eyJzY2hlbWFfdmVyc2lvbiI6IjEifQ=="
        }
      ]
    }
  ],
  "check_results": null
}
